
Microsoft Visual Studio Solution File, Format Version 12.00
# Visual Studio Version 17
VisualStudioVersion = 17.5.33627.172
MinimumVisualStudioVersion = 10.0.40219.1
Project("{888888A0-9F3D-457C-B088-3A5042F75D52}") = "PythonApplication", "PythonApplication\PythonApplication.pyproj", "{DE196F62-3D62-4F97-A2A5-174E6E3DFE38}"
EndProject
Project("{8BC9CEB8-8B4A-11D0-8D11-00A0C91BC942}") = "CPythonEmbedding", "CPythonEmbedding\CPythonEmbedding.vcxproj", "{0ECAB60D-1646-4634-B66B-DCD6E8DC842D}"
EndProject
Global
	GlobalSection(SolutionConfigurationPlatforms) = preSolution
		Debug|Any CPU = Debug|Any CPU
		Debug|x64 = Debug|x64
		Debug|x86 = Debug|x86
		Release|Any CPU = Release|Any CPU
		Release|x64 = Release|x64
		Release|x86 = Release|x86
	EndGlobalSection
	GlobalSection(ProjectConfigurationPlatforms) = postSolution
		{DE196F62-3D62-4F97-A2A5-174E6E3DFE38}.Debug|Any CPU.ActiveCfg = Debug|Any CPU
		{DE196F62-3D62-4F97-A2A5-174E6E3DFE38}.Debug|x64.ActiveCfg = Debug|Any CPU
		{DE196F62-3D62-4F97-A2A5-174E6E3DFE38}.Debug|x86.ActiveCfg = Debug|Any CPU
		{DE196F62-3D62-4F97-A2A5-174E6E3DFE38}.Release|Any CPU.ActiveCfg = Release|Any CPU
		{DE196F62-3D62-4F97-A2A5-174E6E3DFE38}.Release|x64.ActiveCfg = Release|Any CPU
		{DE196F62-3D62-4F97-A2A5-174E6E3DFE38}.Release|x86.ActiveCfg = Release|Any CPU
		{0ECAB60D-1646-4634-B66B-DCD6E8DC842D}.Debug|Any CPU.ActiveCfg = Debug|x64
		{0ECAB60D-1646-4634-B66B-DCD6E8DC842D}.Debug|Any CPU.Build.0 = Debug|x64
		{0ECAB60D-1646-4634-B66B-DCD6E8DC842D}.Debug|x64.ActiveCfg = Debug|x64
		{0ECAB60D-1646-4634-B66B-DCD6E8DC842D}.Debug|x64.Build.0 = Debug|x64
		{0ECAB60D-1646-4634-B66B-DCD6E8DC842D}.Debug|x86.ActiveCfg = Debug|Win32
		{0ECAB60D-1646-4634-B66B-DCD6E8DC842D}.Debug|x86.Build.0 = Debug|Win32
		{0ECAB60D-1646-4634-B66B-DCD6E8DC842D}.Release|Any CPU.ActiveCfg = Release|x64
		{0ECAB60D-1646-4634-B66B-DCD6E8DC842D}.Release|Any CPU.Build.0 = Release|x64
		{0ECAB60D-1646-4634-B66B-DCD6E8DC842D}.Release|x64.ActiveCfg = Release|x64
		{0ECAB60D-1646-4634-B66B-DCD6E8DC842D}.Release|x64.Build.0 = Release|x64
		{0ECAB60D-1646-4634-B66B-DCD6E8DC842D}.Release|x86.ActiveCfg = Release|Win32
		{0ECAB60D-1646-4634-B66B-DCD6E8DC842D}.Release|x86.Build.0 = Release|Win32
	EndGlobalSection
	GlobalSection(SolutionProperties) = preSolution
		HideSolutionNode = FALSE
	EndGlobalSection
	GlobalSection(ExtensibilityGlobals) = postSolution
		SolutionGuid = {E9C53AA3-A8D4-45E6-94F7-07FE89E3E0B2}
	EndGlobalSection
EndGlobal
